// !$*UTF8*$!
{
	archiveVersion = 1;
	classes = {
	};
	objectVersion = 56;
	objects = {

/* Begin PBXBuildFile section */
		6B3510D52A1E48D700EA41B8 /* DataManager.swift in Sources */ = {isa = PBXBuildFile; fileRef = 6B3510D42A1E48D700EA41B8 /* DataManager.swift */; };
		6B3510D72A1E48F800EA41B8 /* RMData.swift in Sources */ = {isa = PBXBuildFile; fileRef = 6B3510D62A1E48F800EA41B8 /* RMData.swift */; };
		6B70F67E2A1D903D00872EC6 /* Final_Project_LukeLentiniApp.swift in Sources */ = {isa = PBXBuildFile; fileRef = 6B70F67D2A1D903D00872EC6 /* Final_Project_LukeLentiniApp.swift */; };
		6B70F6802A1D903D00872EC6 /* ContentView.swift in Sources */ = {isa = PBXBuildFile; fileRef = 6B70F67F2A1D903D00872EC6 /* ContentView.swift */; };
		6B70F6822A1D903F00872EC6 /* Assets.xcassets in Resources */ = {isa = PBXBuildFile; fileRef = 6B70F6812A1D903F00872EC6 /* Assets.xcassets */; };
		6B70F6852A1D903F00872EC6 /* Preview Assets.xcassets in Resources */ = {isa = PBXBuildFile; fileRef = 6B70F6842A1D903F00872EC6 /* Preview Assets.xcassets */; };
		6B70F68F2A1D903F00872EC6 /* Final_Project_LukeLentiniTests.swift in Sources */ = {isa = PBXBuildFile; fileRef = 6B70F68E2A1D903F00872EC6 /* Final_Project_LukeLentiniTests.swift */; };
		6B70F6992A1D903F00872EC6 /* Final_Project_LukeLentiniUITests.swift in Sources */ = {isa = PBXBuildFile; fileRef = 6B70F6982A1D903F00872EC6 /* Final_Project_LukeLentiniUITests.swift */; };
		6B70F69B2A1D903F00872EC6 /* Final_Project_LukeLentiniUITestsLaunchTests.swift in Sources */ = {isa = PBXBuildFile; fileRef = 6B70F69A2A1D903F00872EC6 /* Final_Project_LukeLentiniUITestsLaunchTests.swift */; };
/* End PBXBuildFile section */

/* Begin PBXContainerItemProxy section */
		6B70F68B2A1D903F00872EC6 /* PBXContainerItemProxy */ = {
			isa = PBXContainerItemProxy;
			containerPortal = 6B70F6722A1D903D00872EC6 /* Project object */;
			proxyType = 1;
			remoteGlobalIDString = 6B70F6792A1D903D00872EC6;
			remoteInfo = "Final_Project-LukeLentini";
		};
		6B70F6952A1D903F00872EC6 /* PBXContainerItemProxy */ = {
			isa = PBXContainerItemProxy;
			containerPortal = 6B70F6722A1D903D00872EC6 /* Project object */;
			proxyType = 1;
			remoteGlobalIDString = 6B70F6792A1D903D00872EC6;
			remoteInfo = "Final_Project-LukeLentini";
		};
/* End PBXContainerItemProxy section */

/* Begin PBXFileReference section */
		6B3510D42A1E48D700EA41B8 /* DataManager.swift */ = {isa = PBXFileReference; lastKnownFileType = sourcecode.swift; path = DataManager.swift; sourceTree = "<group>"; };
		6B3510D62A1E48F800EA41B8 /* RMData.swift */ = {isa = PBXFileReference; lastKnownFileType = sourcecode.swift; path = RMData.swift; sourceTree = "<group>"; };
		6B70F67A2A1D903D00872EC6 /* Final_Project-LukeLentini.app */ = {isa = PBXFileReference; explicitFileType = wrapper.application; includeInIndex = 0; path = "Final_Project-LukeLentini.app"; sourceTree = BUILT_PRODUCTS_DIR; };
		6B70F67D2A1D903D00872EC6 /* Final_Project_LukeLentiniApp.swift */ = {isa = PBXFileReference; lastKnownFileType = sourcecode.swift; path = Final_Project_LukeLentiniApp.swift; sourceTree = "<group>"; };
		6B70F67F2A1D903D00872EC6 /* ContentView.swift */ = {isa = PBXFileReference; lastKnownFileType = sourcecode.swift; path = ContentView.swift; sourceTree = "<group>"; };
		6B70F6812A1D903F00872EC6 /* Assets.xcassets */ = {isa = PBXFileReference; lastKnownFileType = folder.assetcatalog; path = Assets.xcassets; sourceTree = "<group>"; };
		6B70F6842A1D903F00872EC6 /* Preview Assets.xcassets */ = {isa = PBXFileReference; lastKnownFileType = folder.assetcatalog; path = "Preview Assets.xcassets"; sourceTree = "<group>"; };
		6B70F68A2A1D903F00872EC6 /* Final_Project-LukeLentiniTests.xctest */ = {isa = PBXFileReference; explicitFileType = wrapper.cfbundle; includeInIndex = 0; path = "Final_Project-LukeLentiniTests.xctest"; sourceTree = BUILT_PRODUCTS_DIR; };
		6B70F68E2A1D903F00872EC6 /* Final_Project_LukeLentiniTests.swift */ = {isa = PBXFileReference; lastKnownFileType = sourcecode.swift; path = Final_Project_LukeLentiniTests.swift; sourceTree = "<group>"; };
		6B70F6942A1D903F00872EC6 /* Final_Project-LukeLentiniUITests.xctest */ = {isa = PBXFileReference; explicitFileType = wrapper.cfbundle; includeInIndex = 0; path = "Final_Project-LukeLentiniUITests.xctest"; sourceTree = BUILT_PRODUCTS_DIR; };
		6B70F6982A1D903F00872EC6 /* Final_Project_LukeLentiniUITests.swift */ = {isa = PBXFileReference; lastKnownFileType = sourcecode.swift; path = Final_Project_LukeLentiniUITests.swift; sourceTree = "<group>"; };
		6B70F69A2A1D903F00872EC6 /* Final_Project_LukeLentiniUITestsLaunchTests.swift */ = {isa = PBXFileReference; lastKnownFileType = sourcecode.swift; path = Final_Project_LukeLentiniUITestsLaunchTests.swift; sourceTree = "<group>"; };
/* End PBXFileReference section */

/* Begin PBXFrameworksBuildPhase section */
		6B70F6772A1D903D00872EC6 /* Frameworks */ = {
			isa = PBXFrameworksBuildPhase;
			buildActionMask = 2147483647;
			files = (
			);
			runOnlyForDeploymentPostprocessing = 0;
		};
		6B70F6872A1D903F00872EC6 /* Frameworks */ = {
			isa = PBXFrameworksBuildPhase;
			buildActionMask = 2147483647;
			files = (
			);
			runOnlyForDeploymentPostprocessing = 0;
		};
		6B70F6912A1D903F00872EC6 /* Frameworks */ = {
			isa = PBXFrameworksBuildPhase;
			buildActionMask = 2147483647;
			files = (
			);
			runOnlyForDeploymentPostprocessing = 0;
		};
/* End PBXFrameworksBuildPhase section */

/* Begin PBXGroup section */
		6B70F6712A1D903D00872EC6 = {
			isa = PBXGroup;
			children = (
				6B70F67C2A1D903D00872EC6 /* Final_Project-LukeLentini */,
				6B70F68D2A1D903F00872EC6 /* Final_Project-LukeLentiniTests */,
				6B70F6972A1D903F00872EC6 /* Final_Project-LukeLentiniUITests */,
				6B70F67B2A1D903D00872EC6 /* Products */,
			);
			sourceTree = "<group>";
		};
		6B70F67B2A1D903D00872EC6 /* Products */ = {
			isa = PBXGroup;
			children = (
				6B70F67A2A1D903D00872EC6 /* Final_Project-LukeLentini.app */,
				6B70F68A2A1D903F00872EC6 /* Final_Project-LukeLentiniTests.xctest */,
				6B70F6942A1D903F00872EC6 /* Final_Project-LukeLentiniUITests.xctest */,
			);
			name = Products;
			sourceTree = "<group>";
		};
		6B70F67C2A1D903D00872EC6 /* Final_Project-LukeLentini */ = {
			isa = PBXGroup;
			children = (
				6B70F67D2A1D903D00872EC6 /* Final_Project_LukeLentiniApp.swift */,
				6B82238E2A1ECEC80000AFE7 /* Controller */,
				6B8223902A1ECEE50000AFE7 /* View */,
				6B8223912A1ECEEC0000AFE7 /* Model */,
				6B70F6812A1D903F00872EC6 /* Assets.xcassets */,
				6B70F6832A1D903F00872EC6 /* Preview Content */,
			);
			path = "Final_Project-LukeLentini";
			sourceTree = "<group>";
		};
		6B70F6832A1D903F00872EC6 /* Preview Content */ = {
			isa = PBXGroup;
			children = (
				6B70F6842A1D903F00872EC6 /* Preview Assets.xcassets */,
			);
			path = "Preview Content";
			sourceTree = "<group>";
		};
		6B70F68D2A1D903F00872EC6 /* Final_Project-LukeLentiniTests */ = {
			isa = PBXGroup;
			children = (
				6B70F68E2A1D903F00872EC6 /* Final_Project_LukeLentiniTests.swift */,
			);
			path = "Final_Project-LukeLentiniTests";
			sourceTree = "<group>";
		};
		6B70F6972A1D903F00872EC6 /* Final_Project-LukeLentiniUITests */ = {
			isa = PBXGroup;
			children = (
				6B70F6982A1D903F00872EC6 /* Final_Project_LukeLentiniUITests.swift */,
				6B70F69A2A1D903F00872EC6 /* Final_Project_LukeLentiniUITestsLaunchTests.swift */,
			);
			path = "Final_Project-LukeLentiniUITests";
			sourceTree = "<group>";
		};
		6B82238E2A1ECEC80000AFE7 /* Controller */ = {
			isa = PBXGroup;
			children = (
				6B3510D42A1E48D700EA41B8 /* DataManager.swift */,
			);
			path = Controller;
			sourceTree = "<group>";
		};
		6B8223902A1ECEE50000AFE7 /* View */ = {
			isa = PBXGroup;
			children = (
				6B70F67F2A1D903D00872EC6 /* ContentView.swift */,
			);
			path = View;
			sourceTree = "<group>";
		};
		6B8223912A1ECEEC0000AFE7 /* Model */ = {
			isa = PBXGroup;
			children = (
				6B3510D62A1E48F800EA41B8 /* RMData.swift */,
			);
			path = Model;
			sourceTree = "<group>";
		};
/* End PBXGroup section */

/* Begin PBXNativeTarget section */
		6B70F6792A1D903D00872EC6 /* Final_Project-LukeLentini */ = {
			isa = PBXNativeTarget;
			buildConfigurationList = 6B70F69E2A1D903F00872EC6 /* Build configuration list for PBXNativeTarget "Final_Project-LukeLentini" */;
			buildPhases = (
				6B70F6762A1D903D00872EC6 /* Sources */,
				6B70F6772A1D903D00872EC6 /* Frameworks */,
				6B70F6782A1D903D00872EC6 /* Resources */,
			);
			buildRules = (
			);
			dependencies = (
			);
			name = "Final_Project-LukeLentini";
			productName = "Final_Project-LukeLentini";
			productReference = 6B70F67A2A1D903D00872EC6 /* Final_Project-LukeLentini.app */;
			productType = "com.apple.product-type.application";
		};
		6B70F6892A1D903F00872EC6 /* Final_Project-LukeLentiniTests */ = {
			isa = PBXNativeTarget;
			buildConfigurationList = 6B70F6A12A1D903F00872EC6 /* Build configuration list for PBXNativeTarget "Final_Project-LukeLentiniTests" */;
			buildPhases = (
				6B70F6862A1D903F00872EC6 /* Sources */,
				6B70F6872A1D903F00872EC6 /* Frameworks */,
				6B70F6882A1D903F00872EC6 /* Resources */,
			);
			buildRules = (
			);
			dependencies = (
				6B70F68C2A1D903F00872EC6 /* PBXTargetDependency */,
			);
			name = "Final_Project-LukeLentiniTests";
			productName = "Final_Project-LukeLentiniTests";
			productReference = 6B70F68A2A1D903F00872EC6 /* Final_Project-LukeLentiniTests.xctest */;
			productType = "com.apple.product-type.bundle.unit-test";
		};
		6B70F6932A1D903F00872EC6 /* Final_Project-LukeLentiniUITests */ = {
			isa = PBXNativeTarget;
			buildConfigurationList = 6B70F6A42A1D903F00872EC6 /* Build configuration list for PBXNativeTarget "Final_Project-LukeLentiniUITests" */;
			buildPhases = (
				6B70F6902A1D903F00872EC6 /* Sources */,
				6B70F6912A1D903F00872EC6 /* Frameworks */,
				6B70F6922A1D903F00872EC6 /* Resources */,
			);
			buildRules = (
			);
			dependencies = (
				6B70F6962A1D903F00872EC6 /* PBXTargetDependency */,
			);
			name = "Final_Project-LukeLentiniUITests";
			productName = "Final_Project-LukeLentiniUITests";
			productReference = 6B70F6942A1D903F00872EC6 /* Final_Project-LukeLentiniUITests.xctest */;
			productType = "com.apple.product-type.bundle.ui-testing";
		};
/* End PBXNativeTarget section */

/* Begin PBXProject section */
		6B70F6722A1D903D00872EC6 /* Project object */ = {
			isa = PBXProject;
			attributes = {
				BuildIndependentTargetsInParallel = 1;
				LastSwiftUpdateCheck = 1420;
				LastUpgradeCheck = 1420;
				TargetAttributes = {
					6B70F6792A1D903D00872EC6 = {
						CreatedOnToolsVersion = 14.2;
					};
					6B70F6892A1D903F00872EC6 = {
						CreatedOnToolsVersion = 14.2;
						TestTargetID = 6B70F6792A1D903D00872EC6;
					};
					6B70F6932A1D903F00872EC6 = {
						CreatedOnToolsVersion = 14.2;
						TestTargetID = 6B70F6792A1D903D00872EC6;
					};
				};
			};
			buildConfigurationList = 6B70F6752A1D903D00872EC6 /* Build configuration list for PBXProject "Final_Project-LukeLentini" */;
			compatibilityVersion = "Xcode 14.0";
			developmentRegion = en;
			hasScannedForEncodings = 0;
			knownRegions = (
				en,
				Base,
			);
			mainGroup = 6B70F6712A1D903D00872EC6;
			productRefGroup = 6B70F67B2A1D903D00872EC6 /* Products */;
			projectDirPath = "";
			projectRoot = "";
			targets = (
				6B70F6792A1D903D00872EC6 /* Final_Project-LukeLentini */,
				6B70F6892A1D903F00872EC6 /* Final_Project-LukeLentiniTests */,
				6B70F6932A1D903F00872EC6 /* Final_Project-LukeLentiniUITests */,
			);
		};
/* End PBXProject section */

/* Begin PBXResourcesBuildPhase section */
		6B70F6782A1D903D00872EC6 /* Resources */ = {
			isa = PBXResourcesBuildPhase;
			buildActionMask = 2147483647;
			files = (
				6B70F6852A1D903F00872EC6 /* Preview Assets.xcassets in Resources */,
				6B70F6822A1D903F00872EC6 /* Assets.xcassets in Resources */,
			);
			runOnlyForDeploymentPostprocessing = 0;
		};
		6B70F6882A1D903F00872EC6 /* Resources */ = {
			isa = PBXResourcesBuildPhase;
			buildActionMask = 2147483647;
			files = (
			);
			runOnlyForDeploymentPostprocessing = 0;
		};
		6B70F6922A1D903F00872EC6 /* Resources */ = {
			isa = PBXResourcesBuildPhase;
			buildActionMask = 2147483647;
			files = (
			);
			runOnlyForDeploymentPostprocessing = 0;
		};
/* End PBXResourcesBuildPhase section */

/* Begin PBXSourcesBuildPhase section */
		6B70F6762A1D903D00872EC6 /* Sources */ = {
			isa = PBXSourcesBuildPhase;
			buildActionMask = 2147483647;
			files = (
				6B3510D72A1E48F800EA41B8 /* RMData.swift in Sources */,
				6B70F6802A1D903D00872EC6 /* ContentView.swift in Sources */,
				6B3510D52A1E48D700EA41B8 /* DataManager.swift in Sources */,
				6B70F67E2A1D903D00872EC6 /* Final_Project_LukeLentiniApp.swift in Sources */,
			);
			runOnlyForDeploymentPostprocessing = 0;
		};
		6B70F6862A1D903F00872EC6 /* Sources */ = {
			isa = PBXSourcesBuildPhase;
			buildActionMask = 2147483647;
			files = (
				6B70F68F2A1D903F00872EC6 /* Final_Project_LukeLentiniTests.swift in Sources */,
			);
			runOnlyForDeploymentPostprocessing = 0;
		};
		6B70F6902A1D903F00872EC6 /* Sources */ = {
			isa = PBXSourcesBuildPhase;
			buildActionMask = 2147483647;
			files = (
				6B70F69B2A1D903F00872EC6 /* Final_Project_LukeLentiniUITestsLaunchTests.swift in Sources */,
				6B70F6992A1D903F00872EC6 /* Final_Project_LukeLentiniUITests.swift in Sources */,
			);
			runOnlyForDeploymentPostprocessing = 0;
		};
/* End PBXSourcesBuildPhase section */

/* Begin PBXTargetDependency section */
		6B70F68C2A1D903F00872EC6 /* PBXTargetDependency */ = {
			isa = PBXTargetDependency;
			target = 6B70F6792A1D903D00872EC6 /* Final_Project-LukeLentini */;
			targetProxy = 6B70F68B2A1D903F00872EC6 /* PBXContainerItemProxy */;
		};
		6B70F6962A1D903F00872EC6 /* PBXTargetDependency */ = {
			isa = PBXTargetDependency;
			target = 6B70F6792A1D903D00872EC6 /* Final_Project-LukeLentini */;
			targetProxy = 6B70F6952A1D903F00872EC6 /* PBXContainerItemProxy */;
		};
/* End PBXTargetDependency section */

/* Begin XCBuildConfiguration section */
		6B70F69C2A1D903F00872EC6 /* Debug */ = {
			isa = XCBuildConfiguration;
			buildSettings = {
				ALWAYS_SEARCH_USER_PATHS = NO;
				CLANG_ANALYZER_NONNULL = YES;
				CLANG_ANALYZER_NUMBER_OBJECT_CONVERSION = YES_AGGRESSIVE;
				CLANG_CXX_LANGUAGE_STANDARD = "gnu++20";
				CLANG_ENABLE_MODULES = YES;
				CLANG_ENABLE_OBJC_ARC = YES;
				CLANG_ENABLE_OBJC_WEAK = YES;
				CLANG_WARN_BLOCK_CAPTURE_AUTORELEASING = YES;
				CLANG_WARN_BOOL_CONVERSION = YES;
				CLANG_WARN_COMMA = YES;
				CLANG_WARN_CONSTANT_CONVERSION = YES;
				CLANG_WARN_DEPRECATED_OBJC_IMPLEMENTATIONS = YES;
				CLANG_WARN_DIRECT_OBJC_ISA_USAGE = YES_ERROR;
				CLANG_WARN_DOCUMENTATION_COMMENTS = YES;
				CLANG_WARN_EMPTY_BODY = YES;
				CLANG_WARN_ENUM_CONVERSION = YES;
				CLANG_WARN_INFINITE_RECURSION = YES;
				CLANG_WARN_INT_CONVERSION = YES;
				CLANG_WARN_NON_LITERAL_NULL_CONVERSION = YES;
				CLANG_WARN_OBJC_IMPLICIT_RETAIN_SELF = YES;
				CLANG_WARN_OBJC_LITERAL_CONVERSION = YES;
				CLANG_WARN_OBJC_ROOT_CLASS = YES_ERROR;
				CLANG_WARN_QUOTED_INCLUDE_IN_FRAMEWORK_HEADER = YES;
				CLANG_WARN_RANGE_LOOP_ANALYSIS = YES;
				CLANG_WARN_STRICT_PROTOTYPES = YES;
				CLANG_WARN_SUSPICIOUS_MOVE = YES;
				CLANG_WARN_UNGUARDED_AVAILABILITY = YES_AGGRESSIVE;
				CLANG_WARN_UNREACHABLE_CODE = YES;
				CLANG_WARN__DUPLICATE_METHOD_MATCH = YES;
				COPY_PHASE_STRIP = NO;
				DEBUG_INFORMATION_FORMAT = dwarf;
				ENABLE_STRICT_OBJC_MSGSEND = YES;
				ENABLE_TESTABILITY = YES;
				GCC_C_LANGUAGE_STANDARD = gnu11;
				GCC_DYNAMIC_NO_PIC = NO;
				GCC_NO_COMMON_BLOCKS = YES;
				GCC_OPTIMIZATION_LEVEL = 0;
				GCC_PREPROCESSOR_DEFINITIONS = (
					"DEBUG=1",
					"$(inherited)",
				);
				GCC_WARN_64_TO_32_BIT_CONVERSION = YES;
				GCC_WARN_ABOUT_RETURN_TYPE = YES_ERROR;
				GCC_WARN_UNDECLARED_SELECTOR = YES;
				GCC_WARN_UNINITIALIZED_AUTOS = YES_AGGRESSIVE;
				GCC_WARN_UNUSED_FUNCTION = YES;
				GCC_WARN_UNUSED_VARIABLE = YES;
				IPHONEOS_DEPLOYMENT_TARGET = 16.2;
				MTL_ENABLE_DEBUG_INFO = INCLUDE_SOURCE;
				MTL_FAST_MATH = YES;
				ONLY_ACTIVE_ARCH = YES;
				SDKROOT = iphoneos;
				SWIFT_ACTIVE_COMPILATION_CONDITIONS = DEBUG;
				SWIFT_OPTIMIZATION_LEVEL = "-Onone";
			};
			name = Debug;
		};
		6B70F69D2A1D903F00872EC6 /* Release */ = {
			isa = XCBuildConfiguration;
			buildSettings = {
				ALWAYS_SEARCH_USER_PATHS = NO;
				CLANG_ANALYZER_NONNULL = YES;
				CLANG_ANALYZER_NUMBER_OBJECT_CONVERSION = YES_AGGRESSIVE;
				CLANG_CXX_LANGUAGE_STANDARD = "gnu++20";
				CLANG_ENABLE_MODULES = YES;
				CLANG_ENABLE_OBJC_ARC = YES;
				CLANG_ENABLE_OBJC_WEAK = YES;
				CLANG_WARN_BLOCK_CAPTURE_AUTORELEASING = YES;
				CLANG_WARN_BOOL_CONVERSION = YES;
				CLANG_WARN_COMMA = YES;
				CLANG_WARN_CONSTANT_CONVERSION = YES;
				CLANG_WARN_DEPRECATED_OBJC_IMPLEMENTATIONS = YES;
				CLANG_WARN_DIRECT_OBJC_ISA_USAGE = YES_ERROR;
				CLANG_WARN_DOCUMENTATION_COMMENTS = YES;
				CLANG_WARN_EMPTY_BODY = YES;
				CLANG_WARN_ENUM_CONVERSION = YES;
				CLANG_WARN_INFINITE_RECURSION = YES;
				CLANG_WARN_INT_CONVERSION = YES;
				CLANG_WARN_NON_LITERAL_NULL_CONVERSION = YES;
				CLANG_WARN_OBJC_IMPLICIT_RETAIN_SELF = YES;
				CLANG_WARN_OBJC_LITERAL_CONVERSION = YES;
				CLANG_WARN_OBJC_ROOT_CLASS = YES_ERROR;
				CLANG_WARN_QUOTED_INCLUDE_IN_FRAMEWORK_HEADER = YES;
				CLANG_WARN_RANGE_LOOP_ANALYSIS = YES;
				CLANG_WARN_STRICT_PROTOTYPES = YES;
				CLANG_WARN_SUSPICIOUS_MOVE = YES;
				CLANG_WARN_UNGUARDED_AVAILABILITY = YES_AGGRESSIVE;
				CLANG_WARN_UNREACHABLE_CODE = YES;
				CLANG_WARN__DUPLICATE_METHOD_MATCH = YES;
				COPY_PHASE_STRIP = NO;
				DEBUG_INFORMATION_FORMAT = "dwarf-with-dsym";
				ENABLE_NS_ASSERTIONS = NO;
				ENABLE_STRICT_OBJC_MSGSEND = YES;
				GCC_C_LANGUAGE_STANDARD = gnu11;
				GCC_NO_COMMON_BLOCKS = YES;
				GCC_WARN_64_TO_32_BIT_CONVERSION = YES;
				GCC_WARN_ABOUT_RETURN_TYPE = YES_ERROR;
				GCC_WARN_UNDECLARED_SELECTOR = YES;
				GCC_WARN_UNINITIALIZED_AUTOS = YES_AGGRESSIVE;
				GCC_WARN_UNUSED_FUNCTION = YES;
				GCC_WARN_UNUSED_VARIABLE = YES;
				IPHONEOS_DEPLOYMENT_TARGET = 16.2;
				MTL_ENABLE_DEBUG_INFO = NO;
				MTL_FAST_MATH = YES;
				SDKROOT = iphoneos;
				SWIFT_COMPILATION_MODE = wholemodule;
				SWIFT_OPTIMIZATION_LEVEL = "-O";
				VALIDATE_PRODUCT = YES;
			};
			name = Release;
		};
		6B70F69F2A1D903F00872EC6 /* Debug */ = {
			isa = XCBuildConfiguration;
			buildSettings = {
				ASSETCATALOG_COMPILER_APPICON_NAME = AppIcon;
				ASSETCATALOG_COMPILER_GLOBAL_ACCENT_COLOR_NAME = AccentColor;
				CODE_SIGN_STYLE = Automatic;
				CURRENT_PROJECT_VERSION = 1;
				DEVELOPMENT_ASSET_PATHS = "\"Final_Project-LukeLentini/Preview Content\"";
				ENABLE_PREVIEWS = YES;
				GENERATE_INFOPLIST_FILE = YES;
				INFOPLIST_KEY_UIApplicationSceneManifest_Generation = YES;
				INFOPLIST_KEY_UIApplicationSupportsIndirectInputEvents = YES;
				INFOPLIST_KEY_UILaunchScreen_Generation = YES;
				INFOPLIST_KEY_UISupportedInterfaceOrientations_iPad = "UIInterfaceOrientationPortrait UIInterfaceOrientationPortraitUpsideDown UIInterfaceOrientationLandscapeLeft UIInterfaceOrientationLandscapeRight";
				INFOPLIST_KEY_UISupportedInterfaceOrientations_iPhone = "UIInterfaceOrientationPortrait UIInterfaceOrientationLandscapeLeft UIInterfaceOrientationLandscapeRight";
				LD_RUNPATH_SEARCH_PATHS = (
					"$(inherited)",
					"@executable_path/Frameworks",
				);
				MARKETING_VERSION = 1.0;
				PRODUCT_BUNDLE_IDENTIFIER = "ljlentini24.Final-Project-LukeLentini";
				PRODUCT_NAME = "$(TARGET_NAME)";
				SWIFT_EMIT_LOC_STRINGS = YES;
				SWIFT_VERSION = 5.0;
				TARGETED_DEVICE_FAMILY = "1,2";
			};
			name = Debug;
		};
		6B70F6A02A1D903F00872EC6 /* Release */ = {
			isa = XCBuildConfiguration;
			buildSettings = {
				ASSETCATALOG_COMPILER_APPICON_NAME = AppIcon;
				ASSETCATALOG_COMPILER_GLOBAL_ACCENT_COLOR_NAME = AccentColor;
				CODE_SIGN_STYLE = Automatic;
				CURRENT_PROJECT_VERSION = 1;
				DEVELOPMENT_ASSET_PATHS = "\"Final_Project-LukeLentini/Preview Content\"";
				ENABLE_PREVIEWS = YES;
				GENERATE_INFOPLIST_FILE = YES;
				INFOPLIST_KEY_UIApplicationSceneManifest_Generation = YES;
				INFOPLIST_KEY_UIApplicationSupportsIndirectInputEvents = YES;
				INFOPLIST_KEY_UILaunchScreen_Generation = YES;
				INFOPLIST_KEY_UISupportedInterfaceOrientations_iPad = "UIInterfaceOrientationPortrait UIInterfaceOrientationPortraitUpsideDown UIInterfaceOrientationLandscapeLeft UIInterfaceOrientationLandscapeRight";
				INFOPLIST_KEY_UISupportedInterfaceOrientations_iPhone = "UIInterfaceOrientationPortrait UIInterfaceOrientationLandscapeLeft UIInterfaceOrientationLandscapeRight";
				LD_RUNPATH_SEARCH_PATHS = (
					"$(inherited)",
					"@executable_path/Frameworks",
				);
				MARKETING_VERSION = 1.0;
				PRODUCT_BUNDLE_IDENTIFIER = "ljlentini24.Final-Project-LukeLentini";
				PRODUCT_NAME = "$(TARGET_NAME)";
				SWIFT_EMIT_LOC_STRINGS = YES;
				SWIFT_VERSION = 5.0;
				TARGETED_DEVICE_FAMILY = "1,2";
			};
			name = Release;
		};
		6B70F6A22A1D903F00872EC6 /* Debug */ = {
			isa = XCBuildConfiguration;
			buildSettings = {
				ALWAYS_EMBED_SWIFT_STANDARD_LIBRARIES = YES;
				BUNDLE_LOADER = "$(TEST_HOST)";
				CODE_SIGN_STYLE = Automatic;
				CURRENT_PROJECT_VERSION = 1;
				GENERATE_INFOPLIST_FILE = YES;
				IPHONEOS_DEPLOYMENT_TARGET = 16.2;
				MARKETING_VERSION = 1.0;
				PRODUCT_BUNDLE_IDENTIFIER = "ljlentini24.Final-Project-LukeLentiniTests";
				PRODUCT_NAME = "$(TARGET_NAME)";
				SWIFT_EMIT_LOC_STRINGS = NO;
				SWIFT_VERSION = 5.0;
				TARGETED_DEVICE_FAMILY = "1,2";
				TEST_HOST = "$(BUILT_PRODUCTS_DIR)/Final_Project-LukeLentini.app/$(BUNDLE_EXECUTABLE_FOLDER_PATH)/Final_Project-LukeLentini";
			};
			name = Debug;
		};
		6B70F6A32A1D903F00872EC6 /* Release */ = {
			isa = XCBuildConfiguration;
			buildSettings = {
				ALWAYS_EMBED_SWIFT_STANDARD_LIBRARIES = YES;
				BUNDLE_LOADER = "$(TEST_HOST)";
				CODE_SIGN_STYLE = Automatic;
				CURRENT_PROJECT_VERSION = 1;
				GENERATE_INFOPLIST_FILE = YES;
				IPHONEOS_DEPLOYMENT_TARGET = 16.2;
				MARKETING_VERSION = 1.0;
				PRODUCT_BUNDLE_IDENTIFIER = "ljlentini24.Final-Project-LukeLentiniTests";
				PRODUCT_NAME = "$(TARGET_NAME)";
				SWIFT_EMIT_LOC_STRINGS = NO;
				SWIFT_VERSION = 5.0;
				TARGETED_DEVICE_FAMILY = "1,2";
				TEST_HOST = "$(BUILT_PRODUCTS_DIR)/Final_Project-LukeLentini.app/$(BUNDLE_EXECUTABLE_FOLDER_PATH)/Final_Project-LukeLentini";
			};
			name = Release;
		};
		6B70F6A52A1D903F00872EC6 /* Debug */ = {
			isa = XCBuildConfiguration;
			buildSettings = {
				ALWAYS_EMBED_SWIFT_STANDARD_LIBRARIES = YES;
				CODE_SIGN_STYLE = Automatic;
				CURRENT_PROJECT_VERSION = 1;
				GENERATE_INFOPLIST_FILE = YES;
				MARKETING_VERSION = 1.0;
				PRODUCT_BUNDLE_IDENTIFIER = "ljlentini24.Final-Project-LukeLentiniUITests";
				PRODUCT_NAME = "$(TARGET_NAME)";
				SWIFT_EMIT_LOC_STRINGS = NO;
				SWIFT_VERSION = 5.0;
				TARGETED_DEVICE_FAMILY = "1,2";
				TEST_TARGET_NAME = "Final_Project-LukeLentini";
			};
			name = Debug;
		};
		6B70F6A62A1D903F00872EC6 /* Release */ = {
			isa = XCBuildConfiguration;
			buildSettings = {
				ALWAYS_EMBED_SWIFT_STANDARD_LIBRARIES = YES;
				CODE_SIGN_STYLE = Automatic;
				CURRENT_PROJECT_VERSION = 1;
				GENERATE_INFOPLIST_FILE = YES;
				MARKETING_VERSION = 1.0;
				PRODUCT_BUNDLE_IDENTIFIER = "ljlentini24.Final-Project-LukeLentiniUITests";
				PRODUCT_NAME = "$(TARGET_NAME)";
				SWIFT_EMIT_LOC_STRINGS = NO;
				SWIFT_VERSION = 5.0;
				TARGETED_DEVICE_FAMILY = "1,2";
				TEST_TARGET_NAME = "Final_Project-LukeLentini";
			};
			name = Release;
		};
/* End XCBuildConfiguration section */

/* Begin XCConfigurationList section */
		6B70F6752A1D903D00872EC6 /* Build configuration list for PBXProject "Final_Project-LukeLentini" */ = {
			isa = XCConfigurationList;
			buildConfigurations = (
				6B70F69C2A1D903F00872EC6 /* Debug */,
				6B70F69D2A1D903F00872EC6 /* Release */,
			);
			defaultConfigurationIsVisible = 0;
			defaultConfigurationName = Release;
		};
		6B70F69E2A1D903F00872EC6 /* Build configuration list for PBXNativeTarget "Final_Project-LukeLentini" */ = {
			isa = XCConfigurationList;
			buildConfigurations = (
				6B70F69F2A1D903F00872EC6 /* Debug */,
				6B70F6A02A1D903F00872EC6 /* Release */,
			);
			defaultConfigurationIsVisible = 0;
			defaultConfigurationName = Release;
		};
		6B70F6A12A1D903F00872EC6 /* Build configuration list for PBXNativeTarget "Final_Project-LukeLentiniTests" */ = {
			isa = XCConfigurationList;
			buildConfigurations = (
				6B70F6A22A1D903F00872EC6 /* Debug */,
				6B70F6A32A1D903F00872EC6 /* Release */,
			);
			defaultConfigurationIsVisible = 0;
			defaultConfigurationName = Release;
		};
		6B70F6A42A1D903F00872EC6 /* Build configuration list for PBXNativeTarget "Final_Project-LukeLentiniUITests" */ = {
			isa = XCConfigurationList;
			buildConfigurations = (
				6B70F6A52A1D903F00872EC6 /* Debug */,
				6B70F6A62A1D903F00872EC6 /* Release */,
			);
			defaultConfigurationIsVisible = 0;
			defaultConfigurationName = Release;
		};
/* End XCConfigurationList section */
	};
	rootObject = 6B70F6722A1D903D00872EC6 /* Project object */;
}
